
Microsoft Visual Studio Solution File, Format Version 12.00
# Visual Studio 15
Project("{FAE04EC0-301F-11D3-BF4B-00C04F79EFBC}") = "IngameDebugConsole.Runtime", "IngameDebugConsole.Runtime.csproj", "{5F9C5F54-64C1-F322-F462-C5EC7F29D2C9}"
EndProject
Project("{FAE04EC0-301F-11D3-BF4B-00C04F79EFBC}") = "Assembly-CSharp", "Assembly-CSharp.csproj", "{E1CE1FEE-67BE-6533-73AA-CC578BE80DCD}"
EndProject
Project("{FAE04EC0-301F-11D3-BF4B-00C04F79EFBC}") = "Assembly-CSharp-Editor", "Assembly-CSharp-Editor.csproj", "{D639510A-B7C0-C64D-F6AD-66CC4ECACC64}"
EndProject
Project("{FAE04EC0-301F-11D3-BF4B-00C04F79EFBC}") = "IngameDebugConsole.Editor", "IngameDebugConsole.Editor.csproj", "{B6D7D3BD-636B-2E64-B70A-AD315ED714E8}"
EndProject
Global
	GlobalSection(SolutionConfigurationPlatforms) = preSolution
		Debug|Any CPU = Debug|Any CPU
		Release|Any CPU = Release|Any CPU
	EndGlobalSection
	GlobalSection(ProjectConfigurationPlatforms) = postSolution
		{5F9C5F54-64C1-F322-F462-C5EC7F29D2C9}.Debug|Any CPU.ActiveCfg = Debug|Any CPU
		{5F9C5F54-64C1-F322-F462-C5EC7F29D2C9}.Debug|Any CPU.Build.0 = Debug|Any CPU
		{5F9C5F54-64C1-F322-F462-C5EC7F29D2C9}.Release|Any CPU.ActiveCfg = Release|Any CPU
		{5F9C5F54-64C1-F322-F462-C5EC7F29D2C9}.Release|Any CPU.Build.0 = Release|Any CPU
		{E1CE1FEE-67BE-6533-73AA-CC578BE80DCD}.Debug|Any CPU.ActiveCfg = Debug|Any CPU
		{E1CE1FEE-67BE-6533-73AA-CC578BE80DCD}.Debug|Any CPU.Build.0 = Debug|Any CPU
		{E1CE1FEE-67BE-6533-73AA-CC578BE80DCD}.Release|Any CPU.ActiveCfg = Release|Any CPU
		{E1CE1FEE-67BE-6533-73AA-CC578BE80DCD}.Release|Any CPU.Build.0 = Release|Any CPU
		{D639510A-B7C0-C64D-F6AD-66CC4ECACC64}.Debug|Any CPU.ActiveCfg = Debug|Any CPU
		{D639510A-B7C0-C64D-F6AD-66CC4ECACC64}.Debug|Any CPU.Build.0 = Debug|Any CPU
		{D639510A-B7C0-C64D-F6AD-66CC4ECACC64}.Release|Any CPU.ActiveCfg = Release|Any CPU
		{D639510A-B7C0-C64D-F6AD-66CC4ECACC64}.Release|Any CPU.Build.0 = Release|Any CPU
		{B6D7D3BD-636B-2E64-B70A-AD315ED714E8}.Debug|Any CPU.ActiveCfg = Debug|Any CPU
		{B6D7D3BD-636B-2E64-B70A-AD315ED714E8}.Debug|Any CPU.Build.0 = Debug|Any CPU
		{B6D7D3BD-636B-2E64-B70A-AD315ED714E8}.Release|Any CPU.ActiveCfg = Release|Any CPU
		{B6D7D3BD-636B-2E64-B70A-AD315ED714E8}.Release|Any CPU.Build.0 = Release|Any CPU
	EndGlobalSection
	GlobalSection(SolutionProperties) = preSolution
		HideSolutionNode = FALSE
	EndGlobalSection
EndGlobal
